
Microsoft Visual Studio Solution File, Format Version 12.00
# Visual Studio Version 17
VisualStudioVersion = 17.8.34309.116
MinimumVisualStudioVersion = 10.0.40219.1
Project("{FAE04EC0-301F-11D3-BF4B-00C04F79EFBC}") = "GraphXSampleWpfApp", "GraphXSampleWpfApp\GraphXSampleWpfApp.csproj", "{BBCBD092-A8C1-4151-98EE-7CF83D74C673}"
EndProject
Project("{FAE04EC0-301F-11D3-BF4B-00C04F79EFBC}") = "GraphXSampleLib", "GraphXSampleLib\GraphXSampleLib.csproj", "{98A9988E-5C8B-417D-AC1D-192079F9B0D8}"
EndProject
Project("{FAE04EC0-301F-11D3-BF4B-00C04F79EFBC}") = "GraphXSampleDbLib", "GraphXSampleDbLib\GraphXSampleDbLib.csproj", "{CBA5518C-F8F6-4497-9844-C889D51CF4FA}"
EndProject
Project("{2150E333-8FDC-42A3-9474-1A3956D46DE8}") = "IntegrationTests", "IntegrationTests", "{CDDCB2C9-A294-4579-B436-750D632E4443}"
EndProject
Project("{FAE04EC0-301F-11D3-BF4B-00C04F79EFBC}") = "GraphXSampleDbLibTests", "GraphXSampleDbLibTests\GraphXSampleDbLibTests.csproj", "{8AF03E10-DEDF-4605-A2AD-5F8C890B3788}"
EndProject
Project("{6EC3EE1D-3C4E-46DD-8F32-0CC8E7565705}") = "SimpleGraph.DotNetCore.WinForms.Fs", "SimpleGraph.DotNetCore.Fs\SimpleGraph.DotNetCore.WinForms.Fs.fsproj", "{870DD6FB-5C98-471B-9282-9F7A6AE23C4E}"
EndProject
Global
	GlobalSection(SolutionConfigurationPlatforms) = preSolution
		Debug|Any CPU = Debug|Any CPU
		Release|Any CPU = Release|Any CPU
	EndGlobalSection
	GlobalSection(ProjectConfigurationPlatforms) = postSolution
		{BBCBD092-A8C1-4151-98EE-7CF83D74C673}.Debug|Any CPU.ActiveCfg = Debug|Any CPU
		{BBCBD092-A8C1-4151-98EE-7CF83D74C673}.Debug|Any CPU.Build.0 = Debug|Any CPU
		{BBCBD092-A8C1-4151-98EE-7CF83D74C673}.Release|Any CPU.ActiveCfg = Release|Any CPU
		{BBCBD092-A8C1-4151-98EE-7CF83D74C673}.Release|Any CPU.Build.0 = Release|Any CPU
		{98A9988E-5C8B-417D-AC1D-192079F9B0D8}.Debug|Any CPU.ActiveCfg = Debug|Any CPU
		{98A9988E-5C8B-417D-AC1D-192079F9B0D8}.Debug|Any CPU.Build.0 = Debug|Any CPU
		{98A9988E-5C8B-417D-AC1D-192079F9B0D8}.Release|Any CPU.ActiveCfg = Release|Any CPU
		{98A9988E-5C8B-417D-AC1D-192079F9B0D8}.Release|Any CPU.Build.0 = Release|Any CPU
		{CBA5518C-F8F6-4497-9844-C889D51CF4FA}.Debug|Any CPU.ActiveCfg = Debug|Any CPU
		{CBA5518C-F8F6-4497-9844-C889D51CF4FA}.Debug|Any CPU.Build.0 = Debug|Any CPU
		{CBA5518C-F8F6-4497-9844-C889D51CF4FA}.Release|Any CPU.ActiveCfg = Release|Any CPU
		{CBA5518C-F8F6-4497-9844-C889D51CF4FA}.Release|Any CPU.Build.0 = Release|Any CPU
		{8AF03E10-DEDF-4605-A2AD-5F8C890B3788}.Debug|Any CPU.ActiveCfg = Debug|Any CPU
		{8AF03E10-DEDF-4605-A2AD-5F8C890B3788}.Debug|Any CPU.Build.0 = Debug|Any CPU
		{8AF03E10-DEDF-4605-A2AD-5F8C890B3788}.Release|Any CPU.ActiveCfg = Release|Any CPU
		{8AF03E10-DEDF-4605-A2AD-5F8C890B3788}.Release|Any CPU.Build.0 = Release|Any CPU
		{870DD6FB-5C98-471B-9282-9F7A6AE23C4E}.Debug|Any CPU.ActiveCfg = Debug|Any CPU
		{870DD6FB-5C98-471B-9282-9F7A6AE23C4E}.Debug|Any CPU.Build.0 = Debug|Any CPU
		{870DD6FB-5C98-471B-9282-9F7A6AE23C4E}.Release|Any CPU.ActiveCfg = Release|Any CPU
		{870DD6FB-5C98-471B-9282-9F7A6AE23C4E}.Release|Any CPU.Build.0 = Release|Any CPU
	EndGlobalSection
	GlobalSection(SolutionProperties) = preSolution
		HideSolutionNode = FALSE
	EndGlobalSection
	GlobalSection(NestedProjects) = preSolution
		{8AF03E10-DEDF-4605-A2AD-5F8C890B3788} = {CDDCB2C9-A294-4579-B436-750D632E4443}
	EndGlobalSection
	GlobalSection(ExtensibilityGlobals) = postSolution
		SolutionGuid = {DA1E31AB-61B4-455F-A64D-013CBEE9122D}
	EndGlobalSection
EndGlobal
